
Microsoft Visual Studio Solution File, Format Version 12.00
# Visual Studio Version 17
VisualStudioVersion = 17.3.32901.215
MinimumVisualStudioVersion = 10.0.40219.1
Project("{9A19103F-16F7-4668-BE54-9A1E7A4F7556}") = "Oefening1", "Oefening1\Oefening1.csproj", "{8E2496C7-9CB4-44AE-8AC9-16E85130BCFD}"
EndProject
Project("{FAE04EC0-301F-11D3-BF4B-00C04F79EFBC}") = "Oefening2", "Oefening2\Oefening2.csproj", "{1F8C7520-2519-4B49-974B-C3DDD35131FA}"
EndProject
Project("{FAE04EC0-301F-11D3-BF4B-00C04F79EFBC}") = "Oefening3", "Oefening3\Oefening3.csproj", "{11CDC049-2621-46F9-984F-A8A8C89BEA79}"
EndProject
Global
	GlobalSection(SolutionConfigurationPlatforms) = preSolution
		Debug|Any CPU = Debug|Any CPU
		Release|Any CPU = Release|Any CPU
	EndGlobalSection
	GlobalSection(ProjectConfigurationPlatforms) = postSolution
		{8E2496C7-9CB4-44AE-8AC9-16E85130BCFD}.Debug|Any CPU.ActiveCfg = Debug|Any CPU
		{8E2496C7-9CB4-44AE-8AC9-16E85130BCFD}.Debug|Any CPU.Build.0 = Debug|Any CPU
		{8E2496C7-9CB4-44AE-8AC9-16E85130BCFD}.Release|Any CPU.ActiveCfg = Release|Any CPU
		{8E2496C7-9CB4-44AE-8AC9-16E85130BCFD}.Release|Any CPU.Build.0 = Release|Any CPU
		{1F8C7520-2519-4B49-974B-C3DDD35131FA}.Debug|Any CPU.ActiveCfg = Debug|Any CPU
		{1F8C7520-2519-4B49-974B-C3DDD35131FA}.Debug|Any CPU.Build.0 = Debug|Any CPU
		{1F8C7520-2519-4B49-974B-C3DDD35131FA}.Release|Any CPU.ActiveCfg = Release|Any CPU
		{1F8C7520-2519-4B49-974B-C3DDD35131FA}.Release|Any CPU.Build.0 = Release|Any CPU
		{11CDC049-2621-46F9-984F-A8A8C89BEA79}.Debug|Any CPU.ActiveCfg = Debug|Any CPU
		{11CDC049-2621-46F9-984F-A8A8C89BEA79}.Debug|Any CPU.Build.0 = Debug|Any CPU
		{11CDC049-2621-46F9-984F-A8A8C89BEA79}.Release|Any CPU.ActiveCfg = Release|Any CPU
		{11CDC049-2621-46F9-984F-A8A8C89BEA79}.Release|Any CPU.Build.0 = Release|Any CPU
	EndGlobalSection
	GlobalSection(SolutionProperties) = preSolution
		HideSolutionNode = FALSE
	EndGlobalSection
	GlobalSection(ExtensibilityGlobals) = postSolution
		SolutionGuid = {0B8CF3FD-F327-4589-A361-A4EE3EE5E462}
	EndGlobalSection
EndGlobal
